{
    "version": 3,
    "terraform_version": "0.11.13",
    "serial": 11,
    "lineage": "0a35d915-69b0-d6f3-8f9f-b4f3be33cf5f",
    "modules": [
        {
            "path": [
                "root"
            ],
            "outputs": {},
            "resources": {
                "aws_db_instance.wp_db": {
                    "type": "aws_db_instance",
                    "depends_on": [
                        "aws_db_subnet_group.wp_rds_subnetgroup",
                        "aws_security_group.wp_rds_sg"
                    ],
                    "primary": {
                        "id": "terraform-20190509225952710100000001",
                        "attributes": {
                            "address": "terraform-20190509225952710100000001.cxjaxrmlebgo.us-west-1.rds.amazonaws.com",
                            "allocated_storage": "20",
                            "arn": "arn:aws:rds:us-west-1:854962865939:db:terraform-20190509225952710100000001",
                            "auto_minor_version_upgrade": "true",
                            "availability_zone": "us-west-1a",
                            "backup_retention_period": "0",
                            "backup_window": "06:20-06:50",
                            "ca_cert_identifier": "rds-ca-2015",
                            "copy_tags_to_snapshot": "false",
                            "db_subnet_group_name": "wp_rds_subnetgroup",
                            "endpoint": "terraform-20190509225952710100000001.cxjaxrmlebgo.us-west-1.rds.amazonaws.com:3306",
                            "engine": "mysql",
                            "engine_version": "5.6.40",
                            "hosted_zone_id": "Z10WI91S59XXQN",
                            "iam_database_authentication_enabled": "false",
                            "id": "terraform-20190509225952710100000001",
                            "identifier": "terraform-20190509225952710100000001",
                            "instance_class": "db.t2.micro",
                            "iops": "0",
                            "kms_key_id": "",
                            "license_model": "general-public-license",
                            "maintenance_window": "fri:08:45-fri:09:15",
                            "monitoring_interval": "0",
                            "multi_az": "false",
                            "name": "pprestodb",
                            "option_group_name": "default:mysql-5-6",
                            "parameter_group_name": "default.mysql5.6",
                            "password": "mydbpasswd",
                            "port": "3306",
                            "publicly_accessible": "false",
                            "replicas.#": "0",
                            "replicate_source_db": "",
                            "resource_id": "db-V5F4ZHMO3MCI4GIGLPYYT7YRZI",
                            "security_group_names.#": "0",
                            "skip_final_snapshot": "true",
                            "status": "available",
                            "storage_encrypted": "false",
                            "storage_type": "gp2",
                            "tags.%": "0",
                            "timezone": "",
                            "username": "pprestodb",
                            "vpc_security_group_ids.#": "1",
                            "vpc_security_group_ids.4082871154": "sg-06ff16ca376dd952f"
                        },
                        "meta": {
                            "e2bfb730-ecaa-11e6-8f88-34363bc7c4c0": {
                                "create": 2400000000000,
                                "delete": 2400000000000,
                                "update": 4800000000000
                            }
                        },
                        "tainted": false
                    },
                    "deposed": [],
                    "provider": "provider.aws"
                },
                "aws_db_subnet_group.wp_rds_subnetgroup": {
                    "type": "aws_db_subnet_group",
                    "depends_on": [
                        "aws_subnet.wp_rds1_subnet",
                        "aws_subnet.wp_rds2_subnet",
                        "aws_subnet.wp_rds3_subnet"
                    ],
                    "primary": {
                        "id": "wp_rds_subnetgroup",
                        "attributes": {
                            "arn": "arn:aws:rds:us-west-1:854962865939:subgrp:wp_rds_subnetgroup",
                            "description": "Managed by Terraform",
                            "id": "wp_rds_subnetgroup",
                            "name": "wp_rds_subnetgroup",
                            "subnet_ids.#": "3",
                            "subnet_ids.2661633343": "subnet-06d2307f708c120cf",
                            "subnet_ids.487559293": "subnet-041bd34f1dc9eb075",
                            "subnet_ids.98064353": "subnet-0f0fc1bc11f5cfc09",
                            "tags.%": "1",
                            "tags.Name": "wp_rds_sng"
                        },
                        "meta": {},
                        "tainted": false
                    },
                    "deposed": [],
                    "provider": "provider.aws"
                },
                "aws_default_route_table.wp_private_rt": {
                    "type": "aws_default_route_table",
                    "depends_on": [
                        "aws_vpc.wp_vpc"
                    ],
                    "primary": {
                        "id": "rtb-00abbd3ccaad8f424",
                        "attributes": {
                            "default_route_table_id": "rtb-00abbd3ccaad8f424",
                            "id": "rtb-00abbd3ccaad8f424",
                            "propagating_vgws.#": "0",
                            "route.#": "0",
                            "tags.%": "1",
                            "tags.Name": "wp_private",
                            "vpc_id": "vpc-001aac70b309fdc03"
                        },
                        "meta": {},
                        "tainted": false
                    },
                    "deposed": [],
                    "provider": "provider.aws"
                },
                "aws_elb.wp_elb": {
                    "type": "aws_elb",
                    "depends_on": [
                        "aws_security_group.wp_public_sg",
                        "aws_subnet.wp_public1_subnet",
                        "aws_subnet.wp_public2_subnet"
                    ],
                    "primary": {
                        "id": "patrickgpresto-elb",
                        "attributes": {
                            "access_logs.#": "0",
                            "arn": "arn:aws:elasticloadbalancing:us-west-1:854962865939:loadbalancer/patrickgpresto-elb",
                            "availability_zones.#": "2",
                            "availability_zones.3205754986": "us-west-1a",
                            "availability_zones.639279568": "us-west-1b",
                            "connection_draining": "true",
                            "connection_draining_timeout": "400",
                            "cross_zone_load_balancing": "true",
                            "dns_name": "patrickgpresto-elb-1675443140.us-west-1.elb.amazonaws.com",
                            "health_check.#": "1",
                            "health_check.0.healthy_threshold": "2",
                            "health_check.0.interval": "30",
                            "health_check.0.target": "TCP:80",
                            "health_check.0.timeout": "3",
                            "health_check.0.unhealthy_threshold": "2",
                            "id": "patrickgpresto-elb",
                            "idle_timeout": "400",
                            "instances.#": "0",
                            "internal": "false",
                            "listener.#": "1",
                            "listener.3057123346.instance_port": "80",
                            "listener.3057123346.instance_protocol": "http",
                            "listener.3057123346.lb_port": "80",
                            "listener.3057123346.lb_protocol": "http",
                            "listener.3057123346.ssl_certificate_id": "",
                            "name": "patrickgpresto-elb",
                            "security_groups.#": "1",
                            "security_groups.2014763036": "sg-0416c757a9a92f719",
                            "source_security_group": "854962865939/wp_public_sg",
                            "source_security_group_id": "sg-0416c757a9a92f719",
                            "subnets.#": "2",
                            "subnets.2282865774": "subnet-0349985023284a254",
                            "subnets.569009744": "subnet-02fb399043793e56a",
                            "tags.%": "1",
                            "tags.Name": "wp_patrickgpresto-elb",
                            "zone_id": "Z368ELLRRE2KJ0"
                        },
                        "meta": {},
                        "tainted": false
                    },
                    "deposed": [],
                    "provider": "provider.aws"
                },
                "aws_iam_instance_profile.s3_access_profile": {
                    "type": "aws_iam_instance_profile",
                    "depends_on": [
                        "aws_iam_role.s3_access_role"
                    ],
                    "primary": {
                        "id": "s3_access",
                        "attributes": {
                            "arn": "arn:aws:iam::854962865939:instance-profile/s3_access",
                            "id": "s3_access",
                            "name": "s3_access",
                            "path": "/",
                            "role": "s3_access_role",
                            "roles.#": "0",
                            "unique_id": "AIPA4OD6CA4J6IIXOCO67"
                        },
                        "meta": {},
                        "tainted": false
                    },
                    "deposed": [],
                    "provider": "provider.aws"
                },
                "aws_iam_role.s3_access_role": {
                    "type": "aws_iam_role",
                    "depends_on": [],
                    "primary": {
                        "id": "s3_access_role",
                        "attributes": {
                            "arn": "arn:aws:iam::854962865939:role/s3_access_role",
                            "assume_role_policy": "{\"Version\":\"2012-10-17\",\"Statement\":[{\"Sid\":\"\",\"Effect\":\"Allow\",\"Principal\":{\"Service\":\"ec2.amazonaws.com\"},\"Action\":\"sts:AssumeRole\"}]}",
                            "create_date": "2019-05-09T22:59:43Z",
                            "force_detach_policies": "false",
                            "id": "s3_access_role",
                            "name": "s3_access_role",
                            "path": "/",
                            "unique_id": "AROA4OD6CA4JSXSJUKZDL"
                        },
                        "meta": {},
                        "tainted": false
                    },
                    "deposed": [],
                    "provider": "provider.aws"
                },
                "aws_iam_role_policy.s3_access_policy": {
                    "type": "aws_iam_role_policy",
                    "depends_on": [
                        "aws_iam_role.s3_access_role"
                    ],
                    "primary": {
                        "id": "s3_access_role:s3_access_policy",
                        "attributes": {
                            "id": "s3_access_role:s3_access_policy",
                            "name": "s3_access_policy",
                            "policy": "{\n    \"Version\":\"2012-10-17\",\n    \"Statement\": [\n      {\n        \"Effect\": \"Allow\",\n        \"Action\": \"s3:*\",\n        \"Resource\": \"*\"\n      }\n    ]\n  }\n",
                            "role": "s3_access_role"
                        },
                        "meta": {},
                        "tainted": false
                    },
                    "deposed": [],
                    "provider": "provider.aws"
                },
                "aws_instance.wp_dev": {
                    "type": "aws_instance",
                    "depends_on": [
                        "aws_iam_instance_profile.s3_access_profile",
                        "aws_key_pair.wp_auth",
                        "aws_s3_bucket.code",
                        "aws_security_group.wp_dev_sg",
                        "aws_subnet.wp_public1_subnet"
                    ],
                    "primary": {
                        "id": "i-0b0c8fc6d255d33cc",
                        "attributes": {
                            "ami": "ami-0ec6517f6edbf8044",
                            "associate_public_ip_address": "true",
                            "availability_zone": "us-west-1a",
                            "disable_api_termination": "false",
                            "ebs_block_device.#": "0",
                            "ebs_optimized": "false",
                            "ephemeral_block_device.#": "0",
                            "get_password_data": "false",
                            "iam_instance_profile": "s3_access",
                            "id": "i-0b0c8fc6d255d33cc",
                            "instance_state": "running",
                            "instance_type": "t2.micro",
                            "ipv6_addresses.#": "0",
                            "key_name": "ppresto",
                            "monitoring": "false",
                            "network_interface.#": "0",
                            "network_interface_id": "eni-09c11519d6bb1c74c",
                            "password_data": "",
                            "placement_group": "",
                            "primary_network_interface_id": "eni-09c11519d6bb1c74c",
                            "private_dns": "ip-10-0-1-174.us-west-1.compute.internal",
                            "private_ip": "10.0.1.174",
                            "public_dns": "ec2-54-67-11-105.us-west-1.compute.amazonaws.com",
                            "public_ip": "54.67.11.105",
                            "root_block_device.#": "1",
                            "root_block_device.0.delete_on_termination": "true",
                            "root_block_device.0.iops": "100",
                            "root_block_device.0.volume_id": "vol-00ea8a4e3f4a1d810",
                            "root_block_device.0.volume_size": "8",
                            "root_block_device.0.volume_type": "gp2",
                            "security_groups.#": "0",
                            "source_dest_check": "true",
                            "subnet_id": "subnet-0349985023284a254",
                            "tags.%": "1",
                            "tags.Name": "wp_dev",
                            "tenancy": "default",
                            "volume_tags.%": "0",
                            "vpc_security_group_ids.#": "1",
                            "vpc_security_group_ids.2273846863": "sg-0b7dd76e0907fafe3"
                        },
                        "meta": {
                            "e2bfb730-ecaa-11e6-8f88-34363bc7c4c0": {
                                "create": 600000000000,
                                "delete": 1200000000000,
                                "update": 600000000000
                            },
                            "schema_version": "1"
                        },
                        "tainted": false
                    },
                    "deposed": [],
                    "provider": "provider.aws"
                },
                "aws_internet_gateway.wp_internet_gateway": {
                    "type": "aws_internet_gateway",
                    "depends_on": [
                        "aws_vpc.wp_vpc"
                    ],
                    "primary": {
                        "id": "igw-022960d7ba815ba1d",
                        "attributes": {
                            "id": "igw-022960d7ba815ba1d",
                            "tags.%": "1",
                            "tags.Name": "wp_igw",
                            "vpc_id": "vpc-001aac70b309fdc03"
                        },
                        "meta": {},
                        "tainted": false
                    },
                    "deposed": [],
                    "provider": "provider.aws"
                },
                "aws_key_pair.wp_auth": {
                    "type": "aws_key_pair",
                    "depends_on": [],
                    "primary": {
                        "id": "ppresto",
                        "attributes": {
                            "id": "ppresto",
                            "key_name": "ppresto",
                            "public_key": "ssh-rsa AAAAB3NzaC1yc2EAAAADAQABAAABAQDRuSnxFv8/X4ww3XFuFrnWLDb5RoUu6cQn5M/efHXLX6+oraJsCwcbd1E+GlGzmxI/sQvAx0zZdDP9wGZ5p0BaJ4q1uF4gn4gZpQBX0sbPuQ6JfD6RWRHNLF0p8LedowJ2HG6XrZD4Ew+Jd13orCvWaOLkVugz5P7prS3Q7PjJiBGpPE+9sh0vfLYTgqFnUIuzcXTcKjTN4a0BAepj+7FWXR0gYtE6mZQjYzYyWjCBKMrcBai4RiLY2HntARkFSonwLtt/pttb+LYdb38Ik8R6JpEtaAQDZnWbPqH6xVnJOaQ8KX4PzgtjYklei8p/eBzQFaRqzuw2Il4LH64FWA+r"
                        },
                        "meta": {
                            "schema_version": "1"
                        },
                        "tainted": false
                    },
                    "deposed": [],
                    "provider": "provider.aws"
                },
                "aws_route53_zone.primary": {
                    "type": "aws_route53_zone",
                    "depends_on": [],
                    "primary": {
                        "id": "Z1FY0FVEM27773",
                        "attributes": {
                            "comment": "Managed by Terraform",
                            "delegation_set_id": "N32FVTUBI56RRL",
                            "force_destroy": "false",
                            "id": "Z1FY0FVEM27773",
                            "name": "patrickgpresto.com",
                            "name_servers.#": "4",
                            "name_servers.0": "ns-100.awsdns-12.com",
                            "name_servers.1": "ns-1136.awsdns-14.org",
                            "name_servers.2": "ns-1630.awsdns-11.co.uk",
                            "name_servers.3": "ns-949.awsdns-54.net",
                            "tags.%": "0",
                            "zone_id": "Z1FY0FVEM27773"
                        },
                        "meta": {},
                        "tainted": false
                    },
                    "deposed": [],
                    "provider": "provider.aws"
                },
                "aws_route53_zone.secondary": {
                    "type": "aws_route53_zone",
                    "depends_on": [
                        "aws_vpc.wp_vpc"
                    ],
                    "primary": {
                        "id": "ZRQYYFY8IQPAG",
                        "attributes": {
                            "comment": "Managed by Terraform",
                            "force_destroy": "false",
                            "id": "ZRQYYFY8IQPAG",
                            "name": "patrickgpresto.com",
                            "name_servers.#": "4",
                            "name_servers.0": "ns-0.awsdns-00.com.",
                            "name_servers.1": "ns-1024.awsdns-00.org.",
                            "name_servers.2": "ns-1536.awsdns-00.co.uk.",
                            "name_servers.3": "ns-512.awsdns-00.net.",
                            "tags.%": "0",
                            "vpc_id": "vpc-001aac70b309fdc03",
                            "vpc_region": "us-west-1",
                            "zone_id": "ZRQYYFY8IQPAG"
                        },
                        "meta": {},
                        "tainted": false
                    },
                    "deposed": [],
                    "provider": "provider.aws"
                },
                "aws_route_table.wp_public_rt": {
                    "type": "aws_route_table",
                    "depends_on": [
                        "aws_internet_gateway.wp_internet_gateway",
                        "aws_vpc.wp_vpc"
                    ],
                    "primary": {
                        "id": "rtb-01852b87363016f75",
                        "attributes": {
                            "id": "rtb-01852b87363016f75",
                            "propagating_vgws.#": "0",
                            "route.#": "1",
                            "route.4242957042.cidr_block": "0.0.0.0/0",
                            "route.4242957042.egress_only_gateway_id": "",
                            "route.4242957042.gateway_id": "igw-022960d7ba815ba1d",
                            "route.4242957042.instance_id": "",
                            "route.4242957042.ipv6_cidr_block": "",
                            "route.4242957042.nat_gateway_id": "",
                            "route.4242957042.network_interface_id": "",
                            "route.4242957042.vpc_peering_connection_id": "",
                            "tags.%": "1",
                            "tags.Name": "wp_public",
                            "vpc_id": "vpc-001aac70b309fdc03"
                        },
                        "meta": {},
                        "tainted": false
                    },
                    "deposed": [],
                    "provider": "provider.aws"
                },
                "aws_route_table_association.wp_private1_assoc": {
                    "type": "aws_route_table_association",
                    "depends_on": [
                        "aws_default_route_table.wp_private_rt",
                        "aws_subnet.wp_private1_subnet"
                    ],
                    "primary": {
                        "id": "rtbassoc-00d2bd815a63c933d",
                        "attributes": {
                            "id": "rtbassoc-00d2bd815a63c933d",
                            "route_table_id": "rtb-00abbd3ccaad8f424",
                            "subnet_id": "subnet-07a31a284546550f0"
                        },
                        "meta": {},
                        "tainted": false
                    },
                    "deposed": [],
                    "provider": "provider.aws"
                },
                "aws_route_table_association.wp_private2_assoc": {
                    "type": "aws_route_table_association",
                    "depends_on": [
                        "aws_default_route_table.wp_private_rt",
                        "aws_subnet.wp_private2_subnet"
                    ],
                    "primary": {
                        "id": "rtbassoc-0aae340d1e102942c",
                        "attributes": {
                            "id": "rtbassoc-0aae340d1e102942c",
                            "route_table_id": "rtb-00abbd3ccaad8f424",
                            "subnet_id": "subnet-060e260ae63b265ee"
                        },
                        "meta": {},
                        "tainted": false
                    },
                    "deposed": [],
                    "provider": "provider.aws"
                },
                "aws_route_table_association.wp_public1_assoc": {
                    "type": "aws_route_table_association",
                    "depends_on": [
                        "aws_route_table.wp_public_rt",
                        "aws_subnet.wp_public1_subnet"
                    ],
                    "primary": {
                        "id": "rtbassoc-0ee8973dd674b3bec",
                        "attributes": {
                            "id": "rtbassoc-0ee8973dd674b3bec",
                            "route_table_id": "rtb-01852b87363016f75",
                            "subnet_id": "subnet-0349985023284a254"
                        },
                        "meta": {},
                        "tainted": false
                    },
                    "deposed": [],
                    "provider": "provider.aws"
                },
                "aws_route_table_association.wp_public2_assoc": {
                    "type": "aws_route_table_association",
                    "depends_on": [
                        "aws_route_table.wp_public_rt",
                        "aws_subnet.wp_public2_subnet"
                    ],
                    "primary": {
                        "id": "rtbassoc-0fd85840ed195b8e4",
                        "attributes": {
                            "id": "rtbassoc-0fd85840ed195b8e4",
                            "route_table_id": "rtb-01852b87363016f75",
                            "subnet_id": "subnet-02fb399043793e56a"
                        },
                        "meta": {},
                        "tainted": false
                    },
                    "deposed": [],
                    "provider": "provider.aws"
                },
                "aws_s3_bucket.code": {
                    "type": "aws_s3_bucket",
                    "depends_on": [
                        "random_id.wp_code_bucket"
                    ],
                    "primary": {
                        "id": "patrickgpresto-15548",
                        "attributes": {
                            "acceleration_status": "",
                            "acl": "private",
                            "arn": "arn:aws:s3:::patrickgpresto-15548",
                            "bucket": "patrickgpresto-15548",
                            "bucket_domain_name": "patrickgpresto-15548.s3.amazonaws.com",
                            "force_destroy": "true",
                            "hosted_zone_id": "Z2F56UZL2M1ACD",
                            "id": "patrickgpresto-15548",
                            "logging.#": "0",
                            "region": "us-west-1",
                            "replication_configuration.#": "0",
                            "request_payer": "BucketOwner",
                            "server_side_encryption_configuration.#": "0",
                            "tags.%": "1",
                            "tags.Name": "code bucket",
                            "versioning.#": "1",
                            "versioning.0.enabled": "false",
                            "versioning.0.mfa_delete": "false",
                            "website.#": "0"
                        },
                        "meta": {},
                        "tainted": false
                    },
                    "deposed": [],
                    "provider": "provider.aws"
                },
                "aws_security_group.wp_dev_sg": {
                    "type": "aws_security_group",
                    "depends_on": [
                        "aws_vpc.wp_vpc"
                    ],
                    "primary": {
                        "id": "sg-0b7dd76e0907fafe3",
                        "attributes": {
                            "arn": "arn:aws:ec2:us-west-1:854962865939:security-group/sg-0b7dd76e0907fafe3",
                            "description": "Access to dev instance for development use only",
                            "egress.#": "1",
                            "egress.482069346.cidr_blocks.#": "1",
                            "egress.482069346.cidr_blocks.0": "0.0.0.0/0",
                            "egress.482069346.description": "",
                            "egress.482069346.from_port": "0",
                            "egress.482069346.ipv6_cidr_blocks.#": "0",
                            "egress.482069346.prefix_list_ids.#": "0",
                            "egress.482069346.protocol": "-1",
                            "egress.482069346.security_groups.#": "0",
                            "egress.482069346.self": "false",
                            "egress.482069346.to_port": "0",
                            "id": "sg-0b7dd76e0907fafe3",
                            "ingress.#": "2",
                            "ingress.1798266808.cidr_blocks.#": "1",
                            "ingress.1798266808.cidr_blocks.0": "50.202.74.57/32",
                            "ingress.1798266808.description": "",
                            "ingress.1798266808.from_port": "80",
                            "ingress.1798266808.ipv6_cidr_blocks.#": "0",
                            "ingress.1798266808.protocol": "tcp",
                            "ingress.1798266808.security_groups.#": "0",
                            "ingress.1798266808.self": "false",
                            "ingress.1798266808.to_port": "80",
                            "ingress.3330882187.cidr_blocks.#": "1",
                            "ingress.3330882187.cidr_blocks.0": "50.202.74.57/32",
                            "ingress.3330882187.description": "",
                            "ingress.3330882187.from_port": "22",
                            "ingress.3330882187.ipv6_cidr_blocks.#": "0",
                            "ingress.3330882187.protocol": "tcp",
                            "ingress.3330882187.security_groups.#": "0",
                            "ingress.3330882187.self": "false",
                            "ingress.3330882187.to_port": "22",
                            "name": "wp_dev_sg",
                            "owner_id": "854962865939",
                            "revoke_rules_on_delete": "false",
                            "tags.%": "0",
                            "vpc_id": "vpc-001aac70b309fdc03"
                        },
                        "meta": {
                            "e2bfb730-ecaa-11e6-8f88-34363bc7c4c0": {
                                "create": 600000000000,
                                "delete": 600000000000
                            },
                            "schema_version": "1"
                        },
                        "tainted": false
                    },
                    "deposed": [],
                    "provider": "provider.aws"
                },
                "aws_security_group.wp_private_sg": {
                    "type": "aws_security_group",
                    "depends_on": [
                        "aws_vpc.wp_vpc"
                    ],
                    "primary": {
                        "id": "sg-02692623591c19509",
                        "attributes": {
                            "arn": "arn:aws:ec2:us-west-1:854962865939:security-group/sg-02692623591c19509",
                            "description": "Used for public ELB",
                            "egress.#": "1",
                            "egress.482069346.cidr_blocks.#": "1",
                            "egress.482069346.cidr_blocks.0": "0.0.0.0/0",
                            "egress.482069346.description": "",
                            "egress.482069346.from_port": "0",
                            "egress.482069346.ipv6_cidr_blocks.#": "0",
                            "egress.482069346.prefix_list_ids.#": "0",
                            "egress.482069346.protocol": "-1",
                            "egress.482069346.security_groups.#": "0",
                            "egress.482069346.self": "false",
                            "egress.482069346.to_port": "0",
                            "id": "sg-02692623591c19509",
                            "ingress.#": "1",
                            "ingress.1960698028.cidr_blocks.#": "1",
                            "ingress.1960698028.cidr_blocks.0": "10.0.0.0/16",
                            "ingress.1960698028.description": "",
                            "ingress.1960698028.from_port": "0",
                            "ingress.1960698028.ipv6_cidr_blocks.#": "0",
                            "ingress.1960698028.protocol": "-1",
                            "ingress.1960698028.security_groups.#": "0",
                            "ingress.1960698028.self": "false",
                            "ingress.1960698028.to_port": "0",
                            "name": "wp_private_sg",
                            "owner_id": "854962865939",
                            "revoke_rules_on_delete": "false",
                            "tags.%": "0",
                            "vpc_id": "vpc-001aac70b309fdc03"
                        },
                        "meta": {
                            "e2bfb730-ecaa-11e6-8f88-34363bc7c4c0": {
                                "create": 600000000000,
                                "delete": 600000000000
                            },
                            "schema_version": "1"
                        },
                        "tainted": false
                    },
                    "deposed": [],
                    "provider": "provider.aws"
                },
                "aws_security_group.wp_public_sg": {
                    "type": "aws_security_group",
                    "depends_on": [
                        "aws_vpc.wp_vpc"
                    ],
                    "primary": {
                        "id": "sg-0416c757a9a92f719",
                        "attributes": {
                            "arn": "arn:aws:ec2:us-west-1:854962865939:security-group/sg-0416c757a9a92f719",
                            "description": "Used for public ELB",
                            "egress.#": "1",
                            "egress.482069346.cidr_blocks.#": "1",
                            "egress.482069346.cidr_blocks.0": "0.0.0.0/0",
                            "egress.482069346.description": "",
                            "egress.482069346.from_port": "0",
                            "egress.482069346.ipv6_cidr_blocks.#": "0",
                            "egress.482069346.prefix_list_ids.#": "0",
                            "egress.482069346.protocol": "-1",
                            "egress.482069346.security_groups.#": "0",
                            "egress.482069346.self": "false",
                            "egress.482069346.to_port": "0",
                            "id": "sg-0416c757a9a92f719",
                            "ingress.#": "1",
                            "ingress.2214680975.cidr_blocks.#": "1",
                            "ingress.2214680975.cidr_blocks.0": "0.0.0.0/0",
                            "ingress.2214680975.description": "",
                            "ingress.2214680975.from_port": "80",
                            "ingress.2214680975.ipv6_cidr_blocks.#": "0",
                            "ingress.2214680975.protocol": "tcp",
                            "ingress.2214680975.security_groups.#": "0",
                            "ingress.2214680975.self": "false",
                            "ingress.2214680975.to_port": "80",
                            "name": "wp_public_sg",
                            "owner_id": "854962865939",
                            "revoke_rules_on_delete": "false",
                            "tags.%": "0",
                            "vpc_id": "vpc-001aac70b309fdc03"
                        },
                        "meta": {
                            "e2bfb730-ecaa-11e6-8f88-34363bc7c4c0": {
                                "create": 600000000000,
                                "delete": 600000000000
                            },
                            "schema_version": "1"
                        },
                        "tainted": false
                    },
                    "deposed": [],
                    "provider": "provider.aws"
                },
                "aws_security_group.wp_rds_sg": {
                    "type": "aws_security_group",
                    "depends_on": [
                        "aws_security_group.wp_dev_sg",
                        "aws_security_group.wp_private_sg",
                        "aws_security_group.wp_public_sg",
                        "aws_vpc.wp_vpc"
                    ],
                    "primary": {
                        "id": "sg-06ff16ca376dd952f",
                        "attributes": {
                            "arn": "arn:aws:ec2:us-west-1:854962865939:security-group/sg-06ff16ca376dd952f",
                            "description": "required by rds instances",
                            "egress.#": "0",
                            "id": "sg-06ff16ca376dd952f",
                            "ingress.#": "1",
                            "ingress.3443318778.cidr_blocks.#": "0",
                            "ingress.3443318778.description": "",
                            "ingress.3443318778.from_port": "3306",
                            "ingress.3443318778.ipv6_cidr_blocks.#": "0",
                            "ingress.3443318778.protocol": "tcp",
                            "ingress.3443318778.security_groups.#": "3",
                            "ingress.3443318778.security_groups.2014763036": "sg-0416c757a9a92f719",
                            "ingress.3443318778.security_groups.2273846863": "sg-0b7dd76e0907fafe3",
                            "ingress.3443318778.security_groups.3864284961": "sg-02692623591c19509",
                            "ingress.3443318778.self": "false",
                            "ingress.3443318778.to_port": "3306",
                            "name": "wp_rds_sg",
                            "owner_id": "854962865939",
                            "revoke_rules_on_delete": "false",
                            "tags.%": "0",
                            "vpc_id": "vpc-001aac70b309fdc03"
                        },
                        "meta": {
                            "e2bfb730-ecaa-11e6-8f88-34363bc7c4c0": {
                                "create": 600000000000,
                                "delete": 600000000000
                            },
                            "schema_version": "1"
                        },
                        "tainted": false
                    },
                    "deposed": [],
                    "provider": "provider.aws"
                },
                "aws_subnet.wp_private1_subnet": {
                    "type": "aws_subnet",
                    "depends_on": [
                        "aws_vpc.wp_vpc",
                        "data.aws_availability_zones.available"
                    ],
                    "primary": {
                        "id": "subnet-07a31a284546550f0",
                        "attributes": {
                            "assign_ipv6_address_on_creation": "false",
                            "availability_zone": "us-west-1a",
                            "cidr_block": "10.0.3.0/24",
                            "id": "subnet-07a31a284546550f0",
                            "map_public_ip_on_launch": "false",
                            "tags.%": "1",
                            "tags.Name": "wp_private1",
                            "vpc_id": "vpc-001aac70b309fdc03"
                        },
                        "meta": {
                            "schema_version": "1"
                        },
                        "tainted": false
                    },
                    "deposed": [],
                    "provider": "provider.aws"
                },
                "aws_subnet.wp_private2_subnet": {
                    "type": "aws_subnet",
                    "depends_on": [
                        "aws_vpc.wp_vpc",
                        "data.aws_availability_zones.available"
                    ],
                    "primary": {
                        "id": "subnet-060e260ae63b265ee",
                        "attributes": {
                            "assign_ipv6_address_on_creation": "false",
                            "availability_zone": "us-west-1b",
                            "cidr_block": "10.0.4.0/24",
                            "id": "subnet-060e260ae63b265ee",
                            "map_public_ip_on_launch": "false",
                            "tags.%": "1",
                            "tags.Name": "wp_private2",
                            "vpc_id": "vpc-001aac70b309fdc03"
                        },
                        "meta": {
                            "schema_version": "1"
                        },
                        "tainted": false
                    },
                    "deposed": [],
                    "provider": "provider.aws"
                },
                "aws_subnet.wp_public1_subnet": {
                    "type": "aws_subnet",
                    "depends_on": [
                        "aws_vpc.wp_vpc",
                        "data.aws_availability_zones.available"
                    ],
                    "primary": {
                        "id": "subnet-0349985023284a254",
                        "attributes": {
                            "assign_ipv6_address_on_creation": "false",
                            "availability_zone": "us-west-1a",
                            "cidr_block": "10.0.1.0/24",
                            "id": "subnet-0349985023284a254",
                            "map_public_ip_on_launch": "true",
                            "tags.%": "1",
                            "tags.Name": "wp_public1",
                            "vpc_id": "vpc-001aac70b309fdc03"
                        },
                        "meta": {
                            "schema_version": "1"
                        },
                        "tainted": false
                    },
                    "deposed": [],
                    "provider": "provider.aws"
                },
                "aws_subnet.wp_public2_subnet": {
                    "type": "aws_subnet",
                    "depends_on": [
                        "aws_vpc.wp_vpc",
                        "data.aws_availability_zones.available"
                    ],
                    "primary": {
                        "id": "subnet-02fb399043793e56a",
                        "attributes": {
                            "assign_ipv6_address_on_creation": "false",
                            "availability_zone": "us-west-1b",
                            "cidr_block": "10.0.2.0/24",
                            "id": "subnet-02fb399043793e56a",
                            "map_public_ip_on_launch": "true",
                            "tags.%": "1",
                            "tags.Name": "wp_public2",
                            "vpc_id": "vpc-001aac70b309fdc03"
                        },
                        "meta": {
                            "schema_version": "1"
                        },
                        "tainted": false
                    },
                    "deposed": [],
                    "provider": "provider.aws"
                },
                "aws_subnet.wp_rds1_subnet": {
                    "type": "aws_subnet",
                    "depends_on": [
                        "aws_vpc.wp_vpc",
                        "data.aws_availability_zones.available"
                    ],
                    "primary": {
                        "id": "subnet-0f0fc1bc11f5cfc09",
                        "attributes": {
                            "assign_ipv6_address_on_creation": "false",
                            "availability_zone": "us-west-1a",
                            "cidr_block": "10.0.5.0/24",
                            "id": "subnet-0f0fc1bc11f5cfc09",
                            "map_public_ip_on_launch": "false",
                            "tags.%": "1",
                            "tags.Name": "wp_rds1",
                            "vpc_id": "vpc-001aac70b309fdc03"
                        },
                        "meta": {
                            "schema_version": "1"
                        },
                        "tainted": false
                    },
                    "deposed": [],
                    "provider": "provider.aws"
                },
                "aws_subnet.wp_rds2_subnet": {
                    "type": "aws_subnet",
                    "depends_on": [
                        "aws_vpc.wp_vpc",
                        "data.aws_availability_zones.available"
                    ],
                    "primary": {
                        "id": "subnet-041bd34f1dc9eb075",
                        "attributes": {
                            "assign_ipv6_address_on_creation": "false",
                            "availability_zone": "us-west-1b",
                            "cidr_block": "10.0.6.0/24",
                            "id": "subnet-041bd34f1dc9eb075",
                            "map_public_ip_on_launch": "false",
                            "tags.%": "1",
                            "tags.Name": "wp_rds2",
                            "vpc_id": "vpc-001aac70b309fdc03"
                        },
                        "meta": {
                            "schema_version": "1"
                        },
                        "tainted": false
                    },
                    "deposed": [],
                    "provider": "provider.aws"
                },
                "aws_subnet.wp_rds3_subnet": {
                    "type": "aws_subnet",
                    "depends_on": [
                        "aws_vpc.wp_vpc",
                        "data.aws_availability_zones.available"
                    ],
                    "primary": {
                        "id": "subnet-06d2307f708c120cf",
                        "attributes": {
                            "assign_ipv6_address_on_creation": "false",
                            "availability_zone": "us-west-1a",
                            "cidr_block": "10.0.7.0/24",
                            "id": "subnet-06d2307f708c120cf",
                            "map_public_ip_on_launch": "false",
                            "tags.%": "1",
                            "tags.Name": "wp_rds3",
                            "vpc_id": "vpc-001aac70b309fdc03"
                        },
                        "meta": {
                            "schema_version": "1"
                        },
                        "tainted": false
                    },
                    "deposed": [],
                    "provider": "provider.aws"
                },
                "aws_vpc.wp_vpc": {
                    "type": "aws_vpc",
                    "depends_on": [],
                    "primary": {
                        "id": "vpc-001aac70b309fdc03",
                        "attributes": {
                            "assign_generated_ipv6_cidr_block": "false",
                            "cidr_block": "10.0.0.0/16",
                            "default_network_acl_id": "acl-027e05e57db88d134",
                            "default_route_table_id": "rtb-00abbd3ccaad8f424",
                            "default_security_group_id": "sg-09db1cb9ce8b30865",
                            "dhcp_options_id": "dopt-f799ba90",
                            "enable_classiclink": "false",
                            "enable_classiclink_dns_support": "false",
                            "enable_dns_hostnames": "true",
                            "enable_dns_support": "true",
                            "id": "vpc-001aac70b309fdc03",
                            "instance_tenancy": "default",
                            "main_route_table_id": "rtb-00abbd3ccaad8f424",
                            "tags.%": "1",
                            "tags.Name": "wp_vpc"
                        },
                        "meta": {
                            "schema_version": "1"
                        },
                        "tainted": false
                    },
                    "deposed": [],
                    "provider": "provider.aws"
                },
                "aws_vpc_endpoint.wp_private-s3_endpoint": {
                    "type": "aws_vpc_endpoint",
                    "depends_on": [
                        "aws_route_table.wp_public_rt",
                        "aws_vpc.wp_vpc"
                    ],
                    "primary": {
                        "id": "vpce-05a12b7eee8df4699",
                        "attributes": {
                            "cidr_blocks.#": "6",
                            "cidr_blocks.0": "52.219.20.0/22",
                            "cidr_blocks.1": "54.231.232.0/21",
                            "cidr_blocks.2": "52.219.120.0/22",
                            "cidr_blocks.3": "52.219.24.0/21",
                            "cidr_blocks.4": "52.219.112.0/21",
                            "cidr_blocks.5": "52.92.48.0/22",
                            "dns_entry.#": "0",
                            "id": "vpce-05a12b7eee8df4699",
                            "network_interface_ids.#": "0",
                            "policy": "{\"Statement\":[{\"Action\":\"*\",\"Effect\":\"Allow\",\"Principal\":\"*\",\"Resource\":\"*\"}],\"Version\":\"2008-10-17\"}",
                            "prefix_list_id": "pl-6ba54002",
                            "private_dns_enabled": "false",
                            "route_table_ids.#": "2",
                            "route_table_ids.1189396372": "rtb-01852b87363016f75",
                            "route_table_ids.2323240426": "rtb-00abbd3ccaad8f424",
                            "security_group_ids.#": "0",
                            "service_name": "com.amazonaws.us-west-1.s3",
                            "state": "available",
                            "subnet_ids.#": "0",
                            "vpc_endpoint_type": "Gateway",
                            "vpc_id": "vpc-001aac70b309fdc03"
                        },
                        "meta": {},
                        "tainted": false
                    },
                    "deposed": [],
                    "provider": "provider.aws"
                },
                "data.aws_availability_zones.available": {
                    "type": "aws_availability_zones",
                    "depends_on": [],
                    "primary": {
                        "id": "2019-05-09 22:59:37.131272629 +0000 UTC",
                        "attributes": {
                            "id": "2019-05-09 22:59:37.131272629 +0000 UTC",
                            "names.#": "2",
                            "names.0": "us-west-1a",
                            "names.1": "us-west-1b"
                        },
                        "meta": {},
                        "tainted": false
                    },
                    "deposed": [],
                    "provider": "provider.aws"
                },
                "random_id.golden_ami": {
                    "type": "random_id",
                    "depends_on": [],
                    "primary": {
                        "id": "KSfa",
                        "attributes": {
                            "b64": "KSfa",
                            "b64_std": "KSfa",
                            "b64_url": "KSfa",
                            "byte_length": "3",
                            "dec": "2697178",
                            "hex": "2927da",
                            "id": "KSfa"
                        },
                        "meta": {},
                        "tainted": false
                    },
                    "deposed": [],
                    "provider": "provider.random"
                },
                "random_id.wp_code_bucket": {
                    "type": "random_id",
                    "depends_on": [],
                    "primary": {
                        "id": "PLw",
                        "attributes": {
                            "b64": "PLw",
                            "b64_std": "PLw=",
                            "b64_url": "PLw",
                            "byte_length": "2",
                            "dec": "15548",
                            "hex": "3cbc",
                            "id": "PLw"
                        },
                        "meta": {},
                        "tainted": false
                    },
                    "deposed": [],
                    "provider": "provider.random"
                }
            },
            "depends_on": []
        }
    ]
}
